
Microsoft Visual Studio Solution File, Format Version 12.00
# Visual Studio Version 17
VisualStudioVersion = 17.14.36301.6 d17.14
MinimumVisualStudioVersion = 10.0.40219.1
Project("{FAE04EC0-301F-11D3-BF4B-00C04F79EFBC}") = "WbtWebJob", "WbtWebJob.csproj", "{EABC2764-5687-62C5-2869-4E23F000CB4C}"
EndProject
Global
	GlobalSection(SolutionConfigurationPlatforms) = preSolution
		Debug|Any CPU = Debug|Any CPU
		Release|Any CPU = Release|Any CPU
	EndGlobalSection
	GlobalSection(ProjectConfigurationPlatforms) = postSolution
		{EABC2764-5687-62C5-2869-4E23F000CB4C}.Debug|Any CPU.ActiveCfg = Debug|Any CPU
		{EABC2764-5687-62C5-2869-4E23F000CB4C}.Debug|Any CPU.Build.0 = Debug|Any CPU
		{EABC2764-5687-62C5-2869-4E23F000CB4C}.Release|Any CPU.ActiveCfg = Release|Any CPU
		{EABC2764-5687-62C5-2869-4E23F000CB4C}.Release|Any CPU.Build.0 = Release|Any CPU
	EndGlobalSection
	GlobalSection(SolutionProperties) = preSolution
		HideSolutionNode = FALSE
	EndGlobalSection
	GlobalSection(ExtensibilityGlobals) = postSolution
		SolutionGuid = {8E1E2B7E-F2AD-4C53-8035-23FDA3BB6C4C}
	EndGlobalSection
EndGlobal
